
Microsoft Visual Studio Solution File, Format Version 12.00
# Visual Studio Version 16
VisualStudioVersion = 16.0.29020.237
MinimumVisualStudioVersion = 10.0.40219.1
Project("{8BC9CEB8-8B4A-11D0-8D11-00A0C91BC942}") = "ABC166-A", "ABC166-A\ABC166-A.vcxproj", "{2E788F39-9DAD-4B58-8E5F-DFD2E4C24660}"
EndProject
Project("{8BC9CEB8-8B4A-11D0-8D11-00A0C91BC942}") = "ABC166-B", "ABC166-B\ABC166-B.vcxproj", "{AE443870-4B5D-451B-BDB6-6344A08D727E}"
EndProject
Project("{8BC9CEB8-8B4A-11D0-8D11-00A0C91BC942}") = "ABC166-C", "ABC166-C\ABC166-C.vcxproj", "{221C15CA-9432-4A4D-8BE8-73532A01E401}"
EndProject
Project("{8BC9CEB8-8B4A-11D0-8D11-00A0C91BC942}") = "ABC166-E", "ABC166-E\ABC166-E.vcxproj", "{231830C4-FBEF-458E-A6F0-702CBB46CF74}"
EndProject
Project("{8BC9CEB8-8B4A-11D0-8D11-00A0C91BC942}") = "ABC166-D", "ABC166-D\ABC166-D.vcxproj", "{5A1A3536-4ACE-42B9-8E6E-B2B1A64550BF}"
EndProject
Project("{8BC9CEB8-8B4A-11D0-8D11-00A0C91BC942}") = "ABC166-F", "ABC166-F\ABC166-F.vcxproj", "{D9D1C1A6-EA87-4D04-BF33-DB503E688E74}"
EndProject
Global
	GlobalSection(SolutionConfigurationPlatforms) = preSolution
		Debug|x64 = Debug|x64
		Debug|x86 = Debug|x86
		Release|x64 = Release|x64
		Release|x86 = Release|x86
	EndGlobalSection
	GlobalSection(ProjectConfigurationPlatforms) = postSolution
		{2E788F39-9DAD-4B58-8E5F-DFD2E4C24660}.Debug|x64.ActiveCfg = Debug|x64
		{2E788F39-9DAD-4B58-8E5F-DFD2E4C24660}.Debug|x64.Build.0 = Debug|x64
		{2E788F39-9DAD-4B58-8E5F-DFD2E4C24660}.Debug|x86.ActiveCfg = Debug|Win32
		{2E788F39-9DAD-4B58-8E5F-DFD2E4C24660}.Debug|x86.Build.0 = Debug|Win32
		{2E788F39-9DAD-4B58-8E5F-DFD2E4C24660}.Release|x64.ActiveCfg = Release|x64
		{2E788F39-9DAD-4B58-8E5F-DFD2E4C24660}.Release|x64.Build.0 = Release|x64
		{2E788F39-9DAD-4B58-8E5F-DFD2E4C24660}.Release|x86.ActiveCfg = Release|Win32
		{2E788F39-9DAD-4B58-8E5F-DFD2E4C24660}.Release|x86.Build.0 = Release|Win32
		{AE443870-4B5D-451B-BDB6-6344A08D727E}.Debug|x64.ActiveCfg = Debug|x64
		{AE443870-4B5D-451B-BDB6-6344A08D727E}.Debug|x64.Build.0 = Debug|x64
		{AE443870-4B5D-451B-BDB6-6344A08D727E}.Debug|x86.ActiveCfg = Debug|Win32
		{AE443870-4B5D-451B-BDB6-6344A08D727E}.Debug|x86.Build.0 = Debug|Win32
		{AE443870-4B5D-451B-BDB6-6344A08D727E}.Release|x64.ActiveCfg = Release|x64
		{AE443870-4B5D-451B-BDB6-6344A08D727E}.Release|x64.Build.0 = Release|x64
		{AE443870-4B5D-451B-BDB6-6344A08D727E}.Release|x86.ActiveCfg = Release|Win32
		{AE443870-4B5D-451B-BDB6-6344A08D727E}.Release|x86.Build.0 = Release|Win32
		{221C15CA-9432-4A4D-8BE8-73532A01E401}.Debug|x64.ActiveCfg = Debug|x64
		{221C15CA-9432-4A4D-8BE8-73532A01E401}.Debug|x64.Build.0 = Debug|x64
		{221C15CA-9432-4A4D-8BE8-73532A01E401}.Debug|x86.ActiveCfg = Debug|Win32
		{221C15CA-9432-4A4D-8BE8-73532A01E401}.Debug|x86.Build.0 = Debug|Win32
		{221C15CA-9432-4A4D-8BE8-73532A01E401}.Release|x64.ActiveCfg = Release|x64
		{221C15CA-9432-4A4D-8BE8-73532A01E401}.Release|x64.Build.0 = Release|x64
		{221C15CA-9432-4A4D-8BE8-73532A01E401}.Release|x86.ActiveCfg = Release|Win32
		{221C15CA-9432-4A4D-8BE8-73532A01E401}.Release|x86.Build.0 = Release|Win32
		{231830C4-FBEF-458E-A6F0-702CBB46CF74}.Debug|x64.ActiveCfg = Debug|x64
		{231830C4-FBEF-458E-A6F0-702CBB46CF74}.Debug|x64.Build.0 = Debug|x64
		{231830C4-FBEF-458E-A6F0-702CBB46CF74}.Debug|x86.ActiveCfg = Debug|Win32
		{231830C4-FBEF-458E-A6F0-702CBB46CF74}.Debug|x86.Build.0 = Debug|Win32
		{231830C4-FBEF-458E-A6F0-702CBB46CF74}.Release|x64.ActiveCfg = Release|x64
		{231830C4-FBEF-458E-A6F0-702CBB46CF74}.Release|x64.Build.0 = Release|x64
		{231830C4-FBEF-458E-A6F0-702CBB46CF74}.Release|x86.ActiveCfg = Release|Win32
		{231830C4-FBEF-458E-A6F0-702CBB46CF74}.Release|x86.Build.0 = Release|Win32
		{5A1A3536-4ACE-42B9-8E6E-B2B1A64550BF}.Debug|x64.ActiveCfg = Debug|x64
		{5A1A3536-4ACE-42B9-8E6E-B2B1A64550BF}.Debug|x64.Build.0 = Debug|x64
		{5A1A3536-4ACE-42B9-8E6E-B2B1A64550BF}.Debug|x86.ActiveCfg = Debug|Win32
		{5A1A3536-4ACE-42B9-8E6E-B2B1A64550BF}.Debug|x86.Build.0 = Debug|Win32
		{5A1A3536-4ACE-42B9-8E6E-B2B1A64550BF}.Release|x64.ActiveCfg = Release|x64
		{5A1A3536-4ACE-42B9-8E6E-B2B1A64550BF}.Release|x64.Build.0 = Release|x64
		{5A1A3536-4ACE-42B9-8E6E-B2B1A64550BF}.Release|x86.ActiveCfg = Release|Win32
		{5A1A3536-4ACE-42B9-8E6E-B2B1A64550BF}.Release|x86.Build.0 = Release|Win32
		{D9D1C1A6-EA87-4D04-BF33-DB503E688E74}.Debug|x64.ActiveCfg = Debug|x64
		{D9D1C1A6-EA87-4D04-BF33-DB503E688E74}.Debug|x64.Build.0 = Debug|x64
		{D9D1C1A6-EA87-4D04-BF33-DB503E688E74}.Debug|x86.ActiveCfg = Debug|Win32
		{D9D1C1A6-EA87-4D04-BF33-DB503E688E74}.Debug|x86.Build.0 = Debug|Win32
		{D9D1C1A6-EA87-4D04-BF33-DB503E688E74}.Release|x64.ActiveCfg = Release|x64
		{D9D1C1A6-EA87-4D04-BF33-DB503E688E74}.Release|x64.Build.0 = Release|x64
		{D9D1C1A6-EA87-4D04-BF33-DB503E688E74}.Release|x86.ActiveCfg = Release|Win32
		{D9D1C1A6-EA87-4D04-BF33-DB503E688E74}.Release|x86.Build.0 = Release|Win32
	EndGlobalSection
	GlobalSection(SolutionProperties) = preSolution
		HideSolutionNode = FALSE
	EndGlobalSection
	GlobalSection(ExtensibilityGlobals) = postSolution
		SolutionGuid = {562BAECF-D74B-42A6-9E15-C1AEC0D90EEA}
	EndGlobalSection
EndGlobal
